<?xml version="1.0" encoding="utf-8"?>
<Project ToolsVersion="4.0" xmlns="http://schemas.microsoft.com/developer/msbuild/2003">
  <ItemGroup>
    <Filter Include="Source Files">
      <UniqueIdentifier>{4FC737F1-C7A5-4376-A066-2A32D752A2FF}</UniqueIdentifier>
      <Extensions>cpp;c;cc;cxx;def;odl;idl;hpj;bat;asm;asmx</Extensions>
    </Filter>
    <Filter Include="Header Files">
      <UniqueIdentifier>{93995380-89BD-4b04-88EB-625FBE52EBFB}</UniqueIdentifier>
      <Extensions>h;hpp;hxx;hm;inl;inc;xsd</Extensions>
    </Filter>
    <Filter Include="Resource Files">
      <UniqueIdentifier>{67DA6AB6-F800-4c08-8B7A-83BB121AAD01}</UniqueIdentifier>
      <Extensions>rc;ico;cur;bmp;dlg;rc2;rct;bin;rgs;gif;jpg;jpeg;jpe;resx;tiff;tif;png;wav;mfcribbon-ms</Extensions>
    </Filter>
    <Filter Include="States">
      <UniqueIdentifier>{c087d2a7-caaa-48fb-acd2-284b44ef1906}</UniqueIdentifier>
    </Filter>
    <Filter Include="Collision management">
      <UniqueIdentifier>{eafbbd8f-b394-4c52-9563-4966ff5763f4}</UniqueIdentifier>
    </Filter>
    <Filter Include="Rendering">
      <UniqueIdentifier>{ec173046-8287-46b9-b92a-21e78f765ccf}</UniqueIdentifier>
    </Filter>
    <Filter Include="Game Objects">
      <UniqueIdentifier>{c67d6bde-d3b7-4fb3-a017-dfbe8f29ef87}</UniqueIdentifier>
    </Filter>
    <Filter Include="Events">
      <UniqueIdentifier>{946a54c4-d447-4a8b-af28-48a7540cba81}</UniqueIdentifier>
    </Filter>
    <Filter Include="Movement">
      <UniqueIdentifier>{26b2177c-25f9-43b8-8e6f-fb1bb548fc03}</UniqueIdentifier>
    </Filter>
  </ItemGroup>
  <ItemGroup>
    <ClCompile Include="main.cpp">
      <Filter>Source Files</Filter>
    </ClCompile>
    <ClCompile Include="Game.cpp">
      <Filter>Source Files</Filter>
    </ClCompile>
    <ClCompile Include="Vector2.cpp">
      <Filter>Source Files</Filter>
    </ClCompile>
    <ClCompile Include="Collider.cpp">
      <Filter>Collision management</Filter>
    </ClCompile>
    <ClCompile Include="DrawManager.cpp">
      <Filter>Rendering</Filter>
    </ClCompile>
    <ClCompile Include="Sprite.cpp">
      <Filter>Rendering</Filter>
    </ClCompile>
    <ClCompile Include="SpriteManager.cpp">
      <Filter>Rendering</Filter>
    </ClCompile>
    <ClCompile Include="AnimatedSprite.cpp">
      <Filter>Rendering</Filter>
    </ClCompile>
    <ClCompile Include="GameObject.cpp">
      <Filter>Game Objects</Filter>
    </ClCompile>
    <ClCompile Include="Entity.cpp">
      <Filter>Game Objects</Filter>
    </ClCompile>
    <ClCompile Include="InputHandler.cpp">
      <Filter>Events</Filter>
    </ClCompile>
    <ClCompile Include="MouseInput.cpp">
      <Filter>Events</Filter>
    </ClCompile>
    <ClCompile Include="KeyboardInput.cpp">
      <Filter>Events</Filter>
    </ClCompile>
    <ClCompile Include="Player.cpp">
      <Filter>Game Objects</Filter>
    </ClCompile>
    <ClCompile Include="Button.cpp">
      <Filter>Game Objects</Filter>
    </ClCompile>
    <ClCompile Include="MenuState.cpp">
      <Filter>States</Filter>
    </ClCompile>
    <ClCompile Include="GameState.cpp">
      <Filter>States</Filter>
    </ClCompile>
    <ClCompile Include="StateManager.cpp">
      <Filter>States</Filter>
    </ClCompile>
    <ClCompile Include="State.cpp">
      <Filter>States</Filter>
    </ClCompile>
    <ClCompile Include="MovementPattern.cpp">
      <Filter>Movement</Filter>
    </ClCompile>
    <ClCompile Include="Enemy.cpp">
      <Filter>Game Objects</Filter>
    </ClCompile>
  </ItemGroup>
  <ItemGroup>
    <ClInclude Include="Game.h">
      <Filter>Header Files</Filter>
    </ClInclude>
    <ClInclude Include="Vector2.h">
      <Filter>Header Files</Filter>
    </ClInclude>
    <ClInclude Include="Collider.h">
      <Filter>Collision management</Filter>
    </ClInclude>
    <ClInclude Include="DrawManager.h">
      <Filter>Rendering</Filter>
    </ClInclude>
    <ClInclude Include="Sprite.h">
      <Filter>Rendering</Filter>
    </ClInclude>
    <ClInclude Include="SpriteManager.h">
      <Filter>Rendering</Filter>
    </ClInclude>
    <ClInclude Include="AnimatedSprite.h">
      <Filter>Rendering</Filter>
    </ClInclude>
    <ClInclude Include="GameObject.h">
      <Filter>Game Objects</Filter>
    </ClInclude>
    <ClInclude Include="Entity.h">
      <Filter>Game Objects</Filter>
    </ClInclude>
    <ClInclude Include="InputHandler.h">
      <Filter>Events</Filter>
    </ClInclude>
    <ClInclude Include="MouseInput.h">
      <Filter>Events</Filter>
    </ClInclude>
    <ClInclude Include="KeyboardInput.h">
      <Filter>Events</Filter>
    </ClInclude>
    <ClInclude Include="Player.h">
      <Filter>Game Objects</Filter>
    </ClInclude>
    <ClInclude Include="Button.h">
      <Filter>Game Objects</Filter>
    </ClInclude>
    <ClInclude Include="MenuState.h">
      <Filter>States</Filter>
    </ClInclude>
    <ClInclude Include="GameState.h">
      <Filter>States</Filter>
    </ClInclude>
    <ClInclude Include="StateManager.h">
      <Filter>States</Filter>
    </ClInclude>
    <ClInclude Include="State.h">
      <Filter>States</Filter>
    </ClInclude>
    <ClInclude Include="Enemy.h">
      <Filter>Game Objects</Filter>
    </ClInclude>
    <ClInclude Include="MovementPattern.h">
      <Filter>Movement</Filter>
    </ClInclude>
  </ItemGroup>
</Project>